
Microsoft Visual Studio Solution File, Format Version 12.00
# Visual Studio Version 17
VisualStudioVersion = 17.7.34202.233
MinimumVisualStudioVersion = 10.0.40219.1
Project("{9A19103F-16F7-4668-BE54-9A1E7A4F7556}") = "SA3D.Modeling", "SA3D.Modeling\SA3D.Modeling.csproj", "{7AD0BC1C-070B-4CB3-B1D2-98EB451DBEC4}"
EndProject
Global
	GlobalSection(SolutionConfigurationPlatforms) = preSolution
		Debug|Any CPU = Debug|Any CPU
		Release|Any CPU = Release|Any CPU
	EndGlobalSection
	GlobalSection(ProjectConfigurationPlatforms) = postSolution
		{7AD0BC1C-070B-4CB3-B1D2-98EB451DBEC4}.Debug|Any CPU.ActiveCfg = Debug|Any CPU
		{7AD0BC1C-070B-4CB3-B1D2-98EB451DBEC4}.Debug|Any CPU.Build.0 = Debug|Any CPU
		{7AD0BC1C-070B-4CB3-B1D2-98EB451DBEC4}.Release|Any CPU.ActiveCfg = Release|Any CPU
		{7AD0BC1C-070B-4CB3-B1D2-98EB451DBEC4}.Release|Any CPU.Build.0 = Release|Any CPU
	EndGlobalSection
	GlobalSection(SolutionProperties) = preSolution
		HideSolutionNode = FALSE
	EndGlobalSection
	GlobalSection(ExtensibilityGlobals) = postSolution
		SolutionGuid = {3D099321-2535-4D95-9B92-FDCD041E8841}
	EndGlobalSection
EndGlobal
